
Microsoft Visual Studio Solution File, Format Version 12.00
# Visual Studio Version 16
VisualStudioVersion = 16.0.29123.88
MinimumVisualStudioVersion = 10.0.40219.1
Project("{FAE04EC0-301F-11D3-BF4B-00C04F79EFBC}") = "Tiuring_Machine", "Tiuring_Machine.csproj", "{C38391D1-62F4-4EFD-B232-C9AA5D643480}"
EndProject
Global
	GlobalSection(SolutionConfigurationPlatforms) = preSolution
		Debug|Any CPU = Debug|Any CPU
		Release|Any CPU = Release|Any CPU
	EndGlobalSection
	GlobalSection(ProjectConfigurationPlatforms) = postSolution
		{C38391D1-62F4-4EFD-B232-C9AA5D643480}.Debug|Any CPU.ActiveCfg = Debug|Any CPU
		{C38391D1-62F4-4EFD-B232-C9AA5D643480}.Debug|Any CPU.Build.0 = Debug|Any CPU
		{C38391D1-62F4-4EFD-B232-C9AA5D643480}.Release|Any CPU.ActiveCfg = Release|Any CPU
		{C38391D1-62F4-4EFD-B232-C9AA5D643480}.Release|Any CPU.Build.0 = Release|Any CPU
	EndGlobalSection
	GlobalSection(SolutionProperties) = preSolution
		HideSolutionNode = FALSE
	EndGlobalSection
	GlobalSection(ExtensibilityGlobals) = postSolution
		SolutionGuid = {2325CA78-0BFD-4A43-AD31-9864B18B3067}
	EndGlobalSection
EndGlobal
